PODS:
  - AFNetworking (2.6.3):
    - AFNetworking/NSURLConnection (= 2.6.3)
    - AFNetworking/NSURLSession (= 2.6.3)
    - AFNetworking/Reachability (= 2.6.3)
    - AFNetworking/Security (= 2.6.3)
    - AFNetworking/Serialization (= 2.6.3)
    - AFNetworking/UIKit (= 2.6.3)
  - AFNetworking/NSURLConnection (2.6.3):
    - AFNetworking/Reachability
    - AFNetworking/Security
    - AFNetworking/Serialization
  - AFNetworking/NSURLSession (2.6.3):
    - AFNetworking/Reachability
    - AFNetworking/Security
    - AFNetworking/Serialization
  - AFNetworking/Reachability (2.6.3)
  - AFNetworking/Security (2.6.3)
  - AFNetworking/Serialization (2.6.3)
  - AFNetworking/UIKit (2.6.3):
    - AFNetworking/NSURLConnection
    - AFNetworking/NSURLSession
  - RongCloudIM/IMKit (2.8.29):
    - RongCloudIM/IMLib
  - RongCloudIM/IMLib (2.8.29)

DEPENDENCIES:
  - AFNetworking (~> 2.6)
  - RongCloudIM/IMKit (~> 2.8.3)
  - RongCloudIM/IMLib (~> 2.8.3)

SPEC CHECKSUMS:
  AFNetworking: cb8d14a848e831097108418f5d49217339d4eb60
  RongCloudIM: 20efc36e9b85bdc3a5c09726611fd5e74b703217

PODFILE CHECKSUM: df6797129f997d3a6ce7547b4e8241b5b08fb42e

COCOAPODS: 1.4.0
