// !$*UTF8*$!
{
	archiveVersion = 1;
	classes = {
	};
	objectVersion = 48;
	objects = {

/* Begin PBXBuildFile section */
		AE722005207368A600666BDF /* AppDelegate.m in Sources */ = {isa = PBXBuildFile; fileRef = AE722004207368A600666BDF /* AppDelegate.m */; };
		AE722008207368A600666BDF /* ViewController.m in Sources */ = {isa = PBXBuildFile; fileRef = AE722007207368A600666BDF /* ViewController.m */; };
		AE72200B207368A600666BDF /* Main.storyboard in Resources */ = {isa = PBXBuildFile; fileRef = AE722009207368A600666BDF /* Main.storyboard */; };
		AE72200D207368A600666BDF /* Assets.xcassets in Resources */ = {isa = PBXBuildFile; fileRef = AE72200C207368A600666BDF /* Assets.xcassets */; };
		AE722010207368A600666BDF /* LaunchScreen.storyboard in Resources */ = {isa = PBXBuildFile; fileRef = AE72200E207368A600666BDF /* LaunchScreen.storyboard */; };
		AE722013207368A600666BDF /* main.m in Sources */ = {isa = PBXBuildFile; fileRef = AE722012207368A600666BDF /* main.m */; };
		AE72201D207368A600666BDF /* RongCloudDemoUITests.m in Sources */ = {isa = PBXBuildFile; fileRef = AE72201C207368A600666BDF /* RongCloudDemoUITests.m */; };
/* End PBXBuildFile section */

/* Begin PBXContainerItemProxy section */
		AE722019207368A600666BDF /* PBXContainerItemProxy */ = {
			isa = PBXContainerItemProxy;
			containerPortal = AE721FF8207368A600666BDF /* Project object */;
			proxyType = 1;
			remoteGlobalIDString = AE721FFF207368A600666BDF;
			remoteInfo = RongCloudDemo;
		};
/* End PBXContainerItemProxy section */

/* Begin PBXFileReference section */
		AE722000207368A600666BDF /* RongCloudDemo.app */ = {isa = PBXFileReference; explicitFileType = wrapper.application; includeInIndex = 0; path = RongCloudDemo.app; sourceTree = BUILT_PRODUCTS_DIR; };
		AE722003207368A600666BDF /* AppDelegate.h */ = {isa = PBXFileReference; lastKnownFileType = sourcecode.c.h; path = AppDelegate.h; sourceTree = "<group>"; };
		AE722004207368A600666BDF /* AppDelegate.m */ = {isa = PBXFileReference; lastKnownFileType = sourcecode.c.objc; path = AppDelegate.m; sourceTree = "<group>"; };
		AE722006207368A600666BDF /* ViewController.h */ = {isa = PBXFileReference; lastKnownFileType = sourcecode.c.h; path = ViewController.h; sourceTree = "<group>"; };
		AE722007207368A600666BDF /* ViewController.m */ = {isa = PBXFileReference; lastKnownFileType = sourcecode.c.objc; path = ViewController.m; sourceTree = "<group>"; };
		AE72200A207368A600666BDF /* Base */ = {isa = PBXFileReference; lastKnownFileType = file.storyboard; name = Base; path = Base.lproj/Main.storyboard; sourceTree = "<group>"; };
		AE72200C207368A600666BDF /* Assets.xcassets */ = {isa = PBXFileReference; lastKnownFileType = folder.assetcatalog; path = Assets.xcassets; sourceTree = "<group>"; };
		AE72200F207368A600666BDF /* Base */ = {isa = PBXFileReference; lastKnownFileType = file.storyboard; name = Base; path = Base.lproj/LaunchScreen.storyboard; sourceTree = "<group>"; };
		AE722011207368A600666BDF /* Info.plist */ = {isa = PBXFileReference; lastKnownFileType = text.plist.xml; path = Info.plist; sourceTree = "<group>"; };
		AE722012207368A600666BDF /* main.m */ = {isa = PBXFileReference; lastKnownFileType = sourcecode.c.objc; path = main.m; sourceTree = "<group>"; };
		AE722018207368A600666BDF /* RongCloudDemoUITests.xctest */ = {isa = PBXFileReference; explicitFileType = wrapper.cfbundle; includeInIndex = 0; path = RongCloudDemoUITests.xctest; sourceTree = BUILT_PRODUCTS_DIR; };
		AE72201C207368A600666BDF /* RongCloudDemoUITests.m */ = {isa = PBXFileReference; lastKnownFileType = sourcecode.c.objc; path = RongCloudDemoUITests.m; sourceTree = "<group>"; };
		AE72201E207368A600666BDF /* Info.plist */ = {isa = PBXFileReference; lastKnownFileType = text.plist.xml; path = Info.plist; sourceTree = "<group>"; };
/* End PBXFileReference section */

/* Begin PBXFrameworksBuildPhase section */
		AE721FFD207368A600666BDF /* Frameworks */ = {
			isa = PBXFrameworksBuildPhase;
			buildActionMask = 2147483647;
			files = (
			);
			runOnlyForDeploymentPostprocessing = 0;
		};
		AE722015207368A600666BDF /* Frameworks */ = {
			isa = PBXFrameworksBuildPhase;
			buildActionMask = 2147483647;
			files = (
			);
			runOnlyForDeploymentPostprocessing = 0;
		};
/* End PBXFrameworksBuildPhase section */

/* Begin PBXGroup section */
		AE721FF7207368A600666BDF = {
			isa = PBXGroup;
			children = (
				AE722002207368A600666BDF /* RongCloudDemo */,
				AE72201B207368A600666BDF /* RongCloudDemoUITests */,
				AE722001207368A600666BDF /* Products */,
			);
			sourceTree = "<group>";
		};
		AE722001207368A600666BDF /* Products */ = {
			isa = PBXGroup;
			children = (
				AE722000207368A600666BDF /* RongCloudDemo.app */,
				AE722018207368A600666BDF /* RongCloudDemoUITests.xctest */,
			);
			name = Products;
			sourceTree = "<group>";
		};
		AE722002207368A600666BDF /* RongCloudDemo */ = {
			isa = PBXGroup;
			children = (
				AE722003207368A600666BDF /* AppDelegate.h */,
				AE722004207368A600666BDF /* AppDelegate.m */,
				AE722006207368A600666BDF /* ViewController.h */,
				AE722007207368A600666BDF /* ViewController.m */,
				AE722009207368A600666BDF /* Main.storyboard */,
				AE72200C207368A600666BDF /* Assets.xcassets */,
				AE72200E207368A600666BDF /* LaunchScreen.storyboard */,
				AE722011207368A600666BDF /* Info.plist */,
				AE722012207368A600666BDF /* main.m */,
			);
			path = RongCloudDemo;
			sourceTree = "<group>";
		};
		AE72201B207368A600666BDF /* RongCloudDemoUITests */ = {
			isa = PBXGroup;
			children = (
				AE72201C207368A600666BDF /* RongCloudDemoUITests.m */,
				AE72201E207368A600666BDF /* Info.plist */,
			);
			path = RongCloudDemoUITests;
			sourceTree = "<group>";
		};
/* End PBXGroup section */

/* Begin PBXNativeTarget section */
		AE721FFF207368A600666BDF /* RongCloudDemo */ = {
			isa = PBXNativeTarget;
			buildConfigurationList = AE722021207368A600666BDF /* Build configuration list for PBXNativeTarget "RongCloudDemo" */;
			buildPhases = (
				AE721FFC207368A600666BDF /* Sources */,
				AE721FFD207368A600666BDF /* Frameworks */,
				AE721FFE207368A600666BDF /* Resources */,
			);
			buildRules = (
			);
			dependencies = (
			);
			name = RongCloudDemo;
			productName = RongCloudDemo;
			productReference = AE722000207368A600666BDF /* RongCloudDemo.app */;
			productType = "com.apple.product-type.application";
		};
		AE722017207368A600666BDF /* RongCloudDemoUITests */ = {
			isa = PBXNativeTarget;
			buildConfigurationList = AE722024207368A600666BDF /* Build configuration list for PBXNativeTarget "RongCloudDemoUITests" */;
			buildPhases = (
				AE722014207368A600666BDF /* Sources */,
				AE722015207368A600666BDF /* Frameworks */,
				AE722016207368A600666BDF /* Resources */,
			);
			buildRules = (
			);
			dependencies = (
				AE72201A207368A600666BDF /* PBXTargetDependency */,
			);
			name = RongCloudDemoUITests;
			productName = RongCloudDemoUITests;
			productReference = AE722018207368A600666BDF /* RongCloudDemoUITests.xctest */;
			productType = "com.apple.product-type.bundle.ui-testing";
		};
/* End PBXNativeTarget section */

/* Begin PBXProject section */
		AE721FF8207368A600666BDF /* Project object */ = {
			isa = PBXProject;
			attributes = {
				LastUpgradeCheck = 0920;
				ORGANIZATIONNAME = King;
				TargetAttributes = {
					AE721FFF207368A600666BDF = {
						CreatedOnToolsVersion = 9.2;
						ProvisioningStyle = Automatic;
					};
					AE722017207368A600666BDF = {
						CreatedOnToolsVersion = 9.2;
						ProvisioningStyle = Automatic;
						TestTargetID = AE721FFF207368A600666BDF;
					};
				};
			};
			buildConfigurationList = AE721FFB207368A600666BDF /* Build configuration list for PBXProject "RongCloudDemo" */;
			compatibilityVersion = "Xcode 8.0";
			developmentRegion = en;
			hasScannedForEncodings = 0;
			knownRegions = (
				en,
				Base,
			);
			mainGroup = AE721FF7207368A600666BDF;
			productRefGroup = AE722001207368A600666BDF /* Products */;
			projectDirPath = "";
			projectRoot = "";
			targets = (
				AE721FFF207368A600666BDF /* RongCloudDemo */,
				AE722017207368A600666BDF /* RongCloudDemoUITests */,
			);
		};
/* End PBXProject section */

/* Begin PBXResourcesBuildPhase section */
		AE721FFE207368A600666BDF /* Resources */ = {
			isa = PBXResourcesBuildPhase;
			buildActionMask = 2147483647;
			files = (
				AE722010207368A600666BDF /* LaunchScreen.storyboard in Resources */,
				AE72200D207368A600666BDF /* Assets.xcassets in Resources */,
				AE72200B207368A600666BDF /* Main.storyboard in Resources */,
			);
			runOnlyForDeploymentPostprocessing = 0;
		};
		AE722016207368A600666BDF /* Resources */ = {
			isa = PBXResourcesBuildPhase;
			buildActionMask = 2147483647;
			files = (
			);
			runOnlyForDeploymentPostprocessing = 0;
		};
/* End PBXResourcesBuildPhase section */

/* Begin PBXSourcesBuildPhase section */
		AE721FFC207368A600666BDF /* Sources */ = {
			isa = PBXSourcesBuildPhase;
			buildActionMask = 2147483647;
			files = (
				AE722008207368A600666BDF /* ViewController.m in Sources */,
				AE722013207368A600666BDF /* main.m in Sources */,
				AE722005207368A600666BDF /* AppDelegate.m in Sources */,
			);
			runOnlyForDeploymentPostprocessing = 0;
		};
		AE722014207368A600666BDF /* Sources */ = {
			isa = PBXSourcesBuildPhase;
			buildActionMask = 2147483647;
			files = (
				AE72201D207368A600666BDF /* RongCloudDemoUITests.m in Sources */,
			);
			runOnlyForDeploymentPostprocessing = 0;
		};
/* End PBXSourcesBuildPhase section */

/* Begin PBXTargetDependency section */
		AE72201A207368A600666BDF /* PBXTargetDependency */ = {
			isa = PBXTargetDependency;
			target = AE721FFF207368A600666BDF /* RongCloudDemo */;
			targetProxy = AE722019207368A600666BDF /* PBXContainerItemProxy */;
		};
/* End PBXTargetDependency section */

/* Begin PBXVariantGroup section */
		AE722009207368A600666BDF /* Main.storyboard */ = {
			isa = PBXVariantGroup;
			children = (
				AE72200A207368A600666BDF /* Base */,
			);
			name = Main.storyboard;
			sourceTree = "<group>";
		};
		AE72200E207368A600666BDF /* LaunchScreen.storyboard */ = {
			isa = PBXVariantGroup;
			children = (
				AE72200F207368A600666BDF /* Base */,
			);
			name = LaunchScreen.storyboard;
			sourceTree = "<group>";
		};
/* End PBXVariantGroup section */

/* Begin XCBuildConfiguration section */
		AE72201F207368A600666BDF /* Debug */ = {
			isa = XCBuildConfiguration;
			buildSettings = {
				ALWAYS_SEARCH_USER_PATHS = NO;
				CLANG_ANALYZER_NONNULL = YES;
				CLANG_ANALYZER_NUMBER_OBJECT_CONVERSION = YES_AGGRESSIVE;
				CLANG_CXX_LANGUAGE_STANDARD = "gnu++14";
				CLANG_CXX_LIBRARY = "libc++";
				CLANG_ENABLE_MODULES = YES;
				CLANG_ENABLE_OBJC_ARC = YES;
				CLANG_WARN_BLOCK_CAPTURE_AUTORELEASING = YES;
				CLANG_WARN_BOOL_CONVERSION = YES;
				CLANG_WARN_COMMA = YES;
				CLANG_WARN_CONSTANT_CONVERSION = YES;
				CLANG_WARN_DIRECT_OBJC_ISA_USAGE = YES_ERROR;
				CLANG_WARN_DOCUMENTATION_COMMENTS = YES;
				CLANG_WARN_EMPTY_BODY = YES;
				CLANG_WARN_ENUM_CONVERSION = YES;
				CLANG_WARN_INFINITE_RECURSION = YES;
				CLANG_WARN_INT_CONVERSION = YES;
				CLANG_WARN_NON_LITERAL_NULL_CONVERSION = YES;
				CLANG_WARN_OBJC_LITERAL_CONVERSION = YES;
				CLANG_WARN_OBJC_ROOT_CLASS = YES_ERROR;
				CLANG_WARN_RANGE_LOOP_ANALYSIS = YES;
				CLANG_WARN_STRICT_PROTOTYPES = YES;
				CLANG_WARN_SUSPICIOUS_MOVE = YES;
				CLANG_WARN_UNGUARDED_AVAILABILITY = YES_AGGRESSIVE;
				CLANG_WARN_UNREACHABLE_CODE = YES;
				CLANG_WARN__DUPLICATE_METHOD_MATCH = YES;
				CODE_SIGN_IDENTITY = "iPhone Developer";
				COPY_PHASE_STRIP = NO;
				DEBUG_INFORMATION_FORMAT = dwarf;
				ENABLE_STRICT_OBJC_MSGSEND = YES;
				ENABLE_TESTABILITY = YES;
				GCC_C_LANGUAGE_STANDARD = gnu11;
				GCC_DYNAMIC_NO_PIC = NO;
				GCC_NO_COMMON_BLOCKS = YES;
				GCC_OPTIMIZATION_LEVEL = 0;
				GCC_PREPROCESSOR_DEFINITIONS = (
					"DEBUG=1",
					"$(inherited)",
				);
				GCC_WARN_64_TO_32_BIT_CONVERSION = YES;
				GCC_WARN_ABOUT_RETURN_TYPE = YES_ERROR;
				GCC_WARN_UNDECLARED_SELECTOR = YES;
				GCC_WARN_UNINITIALIZED_AUTOS = YES_AGGRESSIVE;
				GCC_WARN_UNUSED_FUNCTION = YES;
				GCC_WARN_UNUSED_VARIABLE = YES;
				IPHONEOS_DEPLOYMENT_TARGET = 11.2;
				MTL_ENABLE_DEBUG_INFO = YES;
				ONLY_ACTIVE_ARCH = YES;
				SDKROOT = iphoneos;
			};
			name = Debug;
		};
		AE722020207368A600666BDF /* Release */ = {
			isa = XCBuildConfiguration;
			buildSettings = {
				ALWAYS_SEARCH_USER_PATHS = NO;
				CLANG_ANALYZER_NONNULL = YES;
				CLANG_ANALYZER_NUMBER_OBJECT_CONVERSION = YES_AGGRESSIVE;
				CLANG_CXX_LANGUAGE_STANDARD = "gnu++14";
				CLANG_CXX_LIBRARY = "libc++";
				CLANG_ENABLE_MODULES = YES;
				CLANG_ENABLE_OBJC_ARC = YES;
				CLANG_WARN_BLOCK_CAPTURE_AUTORELEASING = YES;
				CLANG_WARN_BOOL_CONVERSION = YES;
				CLANG_WARN_COMMA = YES;
				CLANG_WARN_CONSTANT_CONVERSION = YES;
				CLANG_WARN_DIRECT_OBJC_ISA_USAGE = YES_ERROR;
				CLANG_WARN_DOCUMENTATION_COMMENTS = YES;
				CLANG_WARN_EMPTY_BODY = YES;
				CLANG_WARN_ENUM_CONVERSION = YES;
				CLANG_WARN_INFINITE_RECURSION = YES;
				CLANG_WARN_INT_CONVERSION = YES;
				CLANG_WARN_NON_LITERAL_NULL_CONVERSION = YES;
				CLANG_WARN_OBJC_LITERAL_CONVERSION = YES;
				CLANG_WARN_OBJC_ROOT_CLASS = YES_ERROR;
				CLANG_WARN_RANGE_LOOP_ANALYSIS = YES;
				CLANG_WARN_STRICT_PROTOTYPES = YES;
				CLANG_WARN_SUSPICIOUS_MOVE = YES;
				CLANG_WARN_UNGUARDED_AVAILABILITY = YES_AGGRESSIVE;
				CLANG_WARN_UNREACHABLE_CODE = YES;
				CLANG_WARN__DUPLICATE_METHOD_MATCH = YES;
				CODE_SIGN_IDENTITY = "iPhone Developer";
				COPY_PHASE_STRIP = NO;
				DEBUG_INFORMATION_FORMAT = "dwarf-with-dsym";
				ENABLE_NS_ASSERTIONS = NO;
				ENABLE_STRICT_OBJC_MSGSEND = YES;
				GCC_C_LANGUAGE_STANDARD = gnu11;
				GCC_NO_COMMON_BLOCKS = YES;
				GCC_WARN_64_TO_32_BIT_CONVERSION = YES;
				GCC_WARN_ABOUT_RETURN_TYPE = YES_ERROR;
				GCC_WARN_UNDECLARED_SELECTOR = YES;
				GCC_WARN_UNINITIALIZED_AUTOS = YES_AGGRESSIVE;
				GCC_WARN_UNUSED_FUNCTION = YES;
				GCC_WARN_UNUSED_VARIABLE = YES;
				IPHONEOS_DEPLOYMENT_TARGET = 11.2;
				MTL_ENABLE_DEBUG_INFO = NO;
				SDKROOT = iphoneos;
				VALIDATE_PRODUCT = YES;
			};
			name = Release;
		};
		AE722022207368A600666BDF /* Debug */ = {
			isa = XCBuildConfiguration;
			buildSettings = {
				ASSETCATALOG_COMPILER_APPICON_NAME = AppIcon;
				CODE_SIGN_STYLE = Automatic;
				INFOPLIST_FILE = RongCloudDemo/Info.plist;
				LD_RUNPATH_SEARCH_PATHS = "$(inherited) @executable_path/Frameworks";
				PRODUCT_BUNDLE_IDENTIFIER = K.RongCloudDemo;
				PRODUCT_NAME = "$(TARGET_NAME)";
				TARGETED_DEVICE_FAMILY = "1,2";
			};
			name = Debug;
		};
		AE722023207368A600666BDF /* Release */ = {
			isa = XCBuildConfiguration;
			buildSettings = {
				ASSETCATALOG_COMPILER_APPICON_NAME = AppIcon;
				CODE_SIGN_STYLE = Automatic;
				INFOPLIST_FILE = RongCloudDemo/Info.plist;
				LD_RUNPATH_SEARCH_PATHS = "$(inherited) @executable_path/Frameworks";
				PRODUCT_BUNDLE_IDENTIFIER = K.RongCloudDemo;
				PRODUCT_NAME = "$(TARGET_NAME)";
				TARGETED_DEVICE_FAMILY = "1,2";
			};
			name = Release;
		};
		AE722025207368A600666BDF /* Debug */ = {
			isa = XCBuildConfiguration;
			buildSettings = {
				CODE_SIGN_STYLE = Automatic;
				INFOPLIST_FILE = RongCloudDemoUITests/Info.plist;
				LD_RUNPATH_SEARCH_PATHS = "$(inherited) @executable_path/Frameworks @loader_path/Frameworks";
				PRODUCT_BUNDLE_IDENTIFIER = K.RongCloudDemoUITests;
				PRODUCT_NAME = "$(TARGET_NAME)";
				TARGETED_DEVICE_FAMILY = "1,2";
				TEST_TARGET_NAME = RongCloudDemo;
			};
			name = Debug;
		};
		AE722026207368A600666BDF /* Release */ = {
			isa = XCBuildConfiguration;
			buildSettings = {
				CODE_SIGN_STYLE = Automatic;
				INFOPLIST_FILE = RongCloudDemoUITests/Info.plist;
				LD_RUNPATH_SEARCH_PATHS = "$(inherited) @executable_path/Frameworks @loader_path/Frameworks";
				PRODUCT_BUNDLE_IDENTIFIER = K.RongCloudDemoUITests;
				PRODUCT_NAME = "$(TARGET_NAME)";
				TARGETED_DEVICE_FAMILY = "1,2";
				TEST_TARGET_NAME = RongCloudDemo;
			};
			name = Release;
		};
/* End XCBuildConfiguration section */

/* Begin XCConfigurationList section */
		AE721FFB207368A600666BDF /* Build configuration list for PBXProject "RongCloudDemo" */ = {
			isa = XCConfigurationList;
			buildConfigurations = (
				AE72201F207368A600666BDF /* Debug */,
				AE722020207368A600666BDF /* Release */,
			);
			defaultConfigurationIsVisible = 0;
			defaultConfigurationName = Release;
		};
		AE722021207368A600666BDF /* Build configuration list for PBXNativeTarget "RongCloudDemo" */ = {
			isa = XCConfigurationList;
			buildConfigurations = (
				AE722022207368A600666BDF /* Debug */,
				AE722023207368A600666BDF /* Release */,
			);
			defaultConfigurationIsVisible = 0;
			defaultConfigurationName = Release;
		};
		AE722024207368A600666BDF /* Build configuration list for PBXNativeTarget "RongCloudDemoUITests" */ = {
			isa = XCConfigurationList;
			buildConfigurations = (
				AE722025207368A600666BDF /* Debug */,
				AE722026207368A600666BDF /* Release */,
			);
			defaultConfigurationIsVisible = 0;
			defaultConfigurationName = Release;
		};
/* End XCConfigurationList section */
	};
	rootObject = AE721FF8207368A600666BDF /* Project object */;
}
